{
  "version": 4,
  "terraform_version": "1.6.4",
  "serial": 60,
  "lineage": "68894f50-7f20-9784-e0d1-d174bd60b904",
  "outputs": {},
  "resources": [
    {
      "module": "module.iam_account",
      "mode": "data",
      "type": "aws_caller_identity",
      "name": "this",
      "provider": "provider[\"registry.terraform.io/hashicorp/aws\"]",
      "instances": [
        {
          "schema_version": 0,
          "attributes": {
            "account_id": "123141636675",
            "arn": "arn:aws:sts::123141636675:assumed-role/terraform-execution/aws-go-sdk-1706890183444532007",
            "id": "123141636675",
            "user_id": "AROARZK6QIJBR7UFXRZLF:aws-go-sdk-1706890183444532007"
          },
          "sensitive_attributes": []
        }
      ]
    },
    {
      "module": "module.iam_account",
      "mode": "data",
      "type": "aws_iam_policy_document",
      "name": "allow_assume_role_to_devops",
      "provider": "provider[\"registry.terraform.io/hashicorp/aws\"]",
      "instances": [
        {
          "schema_version": 0,
          "attributes": {
            "id": "3667186730",
            "json": "{\n  \"Version\": \"2012-10-17\",\n  \"Statement\": [\n    {\n      \"Effect\": \"Allow\",\n      \"Action\": \"sts:AssumeRole\",\n      \"Resource\": \"arn:aws:iam::123141636675:role/DevOps\"\n    }\n  ]\n}",
            "override_policy_documents": null,
            "policy_id": null,
            "source_policy_documents": null,
            "statement": [
              {
                "actions": [
                  "sts:AssumeRole"
                ],
                "condition": [],
                "effect": "Allow",
                "not_actions": [],
                "not_principals": [],
                "not_resources": [],
                "principals": [],
                "resources": [
                  "arn:aws:iam::123141636675:role/DevOps"
                ],
                "sid": ""
              }
            ],
            "version": "2012-10-17"
          },
          "sensitive_attributes": []
        }
      ]
    },
    {
      "module": "module.iam_account",
      "mode": "data",
      "type": "aws_iam_policy_document",
      "name": "allow_change_own_password",
      "provider": "provider[\"registry.terraform.io/hashicorp/aws\"]",
      "instances": [
        {
          "schema_version": 0,
          "attributes": {
            "id": "951936760",
            "json": "{\n  \"Version\": \"2012-10-17\",\n  \"Statement\": [\n    {\n      \"Effect\": \"Allow\",\n      \"Action\": \"iam:GetAccountPasswordPolicy\",\n      \"Resource\": \"*\"\n    },\n    {\n      \"Sid\": \"ChangeOwnPassword\",\n      \"Effect\": \"Allow\",\n      \"Action\": [\n        \"iam:GetUser\",\n        \"iam:ChangePassword\"\n      ],\n      \"Resource\": \"arn:aws:iam::123141636675:user/${aws:username}\"\n    }\n  ]\n}",
            "override_policy_documents": null,
            "policy_id": null,
            "source_policy_documents": null,
            "statement": [
              {
                "actions": [
                  "iam:GetAccountPasswordPolicy"
                ],
                "condition": [],
                "effect": "Allow",
                "not_actions": [],
                "not_principals": [],
                "not_resources": [],
                "principals": [],
                "resources": [
                  "*"
                ],
                "sid": ""
              },
              {
                "actions": [
                  "iam:ChangePassword",
                  "iam:GetUser"
                ],
                "condition": [],
                "effect": "Allow",
                "not_actions": [],
                "not_principals": [],
                "not_resources": [],
                "principals": [],
                "resources": [
                  "arn:aws:iam::123141636675:user/${aws:username}"
                ],
                "sid": "ChangeOwnPassword"
              }
            ],
            "version": "2012-10-17"
          },
          "sensitive_attributes": []
        }
      ]
    },
    {
      "module": "module.iam_account",
      "mode": "data",
      "type": "aws_iam_policy_document",
      "name": "allow_own_mfa",
      "provider": "provider[\"registry.terraform.io/hashicorp/aws\"]",
      "instances": [
        {
          "schema_version": 0,
          "attributes": {
            "id": "908693550",
            "json": "{\n  \"Version\": \"2012-10-17\",\n  \"Statement\": [\n    {\n      \"Effect\": \"Allow\",\n      \"Action\": \"iam:ListVirtualMFADevices\",\n      \"Resource\": \"*\"\n    },\n    {\n      \"Effect\": \"Allow\",\n      \"Action\": [\n        \"iam:DeleteVirtualMFADevice\",\n        \"iam:CreateVirtualMFADevice\"\n      ],\n      \"Resource\": \"arn:aws:iam::123141636675:mfa/${aws:username}\"\n    },\n    {\n      \"Effect\": \"Allow\",\n      \"Action\": [\n        \"iam:ResyncMFADevice\",\n        \"iam:ListMFADevices\",\n        \"iam:GetUser\",\n        \"iam:EnableMFADevice\",\n        \"iam:DeactivateMFADevice\"\n      ],\n      \"Resource\": \"arn:aws:iam::123141636675:mfa/${aws:username}\"\n    },\n    {\n      \"Effect\": \"Deny\",\n      \"NotAction\": [\n        \"sts:GetSessionToken\",\n        \"iam:ResyncMFADevice\",\n        \"iam:ListVirtualMFADevices\",\n        \"iam:ListMFADevices\",\n        \"iam:GetUser\",\n        \"iam:EnableMFADevice\",\n        \"iam:CreateVirtualMFADevice\",\n        \"iam:ChangePassword\"\n      ],\n      \"Resource\": \"*\",\n      \"Condition\": {\n        \"BoolIfExists\": {\n          \"aws:MultiFactorAuthPresent\": \"false\"\n        }\n      }\n    }\n  ]\n}",
            "override_policy_documents": null,
            "policy_id": null,
            "source_policy_documents": null,
            "statement": [
              {
                "actions": [
                  "iam:ListVirtualMFADevices"
                ],
                "condition": [],
                "effect": "Allow",
                "not_actions": [],
                "not_principals": [],
                "not_resources": [],
                "principals": [],
                "resources": [
                  "*"
                ],
                "sid": ""
              },
              {
                "actions": [
                  "iam:CreateVirtualMFADevice",
                  "iam:DeleteVirtualMFADevice"
                ],
                "condition": [],
                "effect": "Allow",
                "not_actions": [],
                "not_principals": [],
                "not_resources": [],
                "principals": [],
                "resources": [
                  "arn:aws:iam::123141636675:mfa/${aws:username}"
                ],
                "sid": ""
              },
              {
                "actions": [
                  "iam:DeactivateMFADevice",
                  "iam:EnableMFADevice",
                  "iam:GetUser",
                  "iam:ListMFADevices",
                  "iam:ResyncMFADevice"
                ],
                "condition": [],
                "effect": "Allow",
                "not_actions": [],
                "not_principals": [],
                "not_resources": [],
                "principals": [],
                "resources": [
                  "arn:aws:iam::123141636675:mfa/${aws:username}"
                ],
                "sid": ""
              },
              {
                "actions": [],
                "condition": [
                  {
                    "test": "BoolIfExists",
                    "values": [
                      "false"
                    ],
                    "variable": "aws:MultiFactorAuthPresent"
                  }
                ],
                "effect": "Deny",
                "not_actions": [
                  "iam:ChangePassword",
                  "iam:CreateVirtualMFADevice",
                  "iam:EnableMFADevice",
                  "iam:GetUser",
                  "iam:ListMFADevices",
                  "iam:ListVirtualMFADevices",
                  "iam:ResyncMFADevice",
                  "sts:GetSessionToken"
                ],
                "not_principals": [],
                "not_resources": [],
                "principals": [],
                "resources": [
                  "*"
                ],
                "sid": ""
              }
            ],
            "version": "2012-10-17"
          },
          "sensitive_attributes": []
        }
      ]
    },
    {
      "module": "module.iam_account",
      "mode": "data",
      "type": "aws_iam_policy_document",
      "name": "assume_role_devops_trust",
      "provider": "provider[\"registry.terraform.io/hashicorp/aws\"]",
      "instances": [
        {
          "schema_version": 0,
          "attributes": {
            "id": "950319423",
            "json": "{\n  \"Version\": \"2012-10-17\",\n  \"Statement\": [\n    {\n      \"Effect\": \"Allow\",\n      \"Action\": \"sts:AssumeRole\",\n      \"Principal\": {\n        \"AWS\": \"arn:aws:iam::123141636675:user/tamura\"\n      },\n      \"Condition\": {\n        \"Bool\": {\n          \"aws:MultiFactorAuthPresent\": \"true\"\n        },\n        \"StringEquals\": {\n          \"sts:RoleSessionName\": \"${aws:username}\"\n        }\n      }\n    }\n  ]\n}",
            "override_policy_documents": null,
            "policy_id": null,
            "source_policy_documents": null,
            "statement": [
              {
                "actions": [
                  "sts:AssumeRole"
                ],
                "condition": [
                  {
                    "test": "Bool",
                    "values": [
                      "true"
                    ],
                    "variable": "aws:MultiFactorAuthPresent"
                  },
                  {
                    "test": "StringEquals",
                    "values": [
                      "${aws:username}"
                    ],
                    "variable": "sts:RoleSessionName"
                  }
                ],
                "effect": "Allow",
                "not_actions": [],
                "not_principals": [],
                "not_resources": [],
                "principals": [
                  {
                    "identifiers": [
                      "arn:aws:iam::123141636675:user/tamura"
                    ],
                    "type": "AWS"
                  }
                ],
                "resources": [],
                "sid": ""
              }
            ],
            "version": "2012-10-17"
          },
          "sensitive_attributes": []
        }
      ]
    },
    {
      "module": "module.iam_account",
      "mode": "data",
      "type": "aws_iam_policy_document",
      "name": "assume_role_for_devops",
      "provider": "provider[\"registry.terraform.io/hashicorp/aws\"]",
      "instances": [
        {
          "schema_version": 0,
          "attributes": {
            "id": "3667186730",
            "json": "{\n  \"Version\": \"2012-10-17\",\n  \"Statement\": [\n    {\n      \"Effect\": \"Allow\",\n      \"Action\": \"sts:AssumeRole\",\n      \"Resource\": \"arn:aws:iam::123141636675:role/DevOps\"\n    }\n  ]\n}",
            "override_policy_documents": null,
            "policy_id": null,
            "source_policy_documents": null,
            "statement": [
              {
                "actions": [
                  "sts:AssumeRole"
                ],
                "condition": [],
                "effect": "Allow",
                "not_actions": [],
                "not_principals": [],
                "not_resources": [],
                "principals": [],
                "resources": [
                  "arn:aws:iam::123141636675:role/DevOps"
                ],
                "sid": ""
              }
            ],
            "version": "2012-10-17"
          },
          "sensitive_attributes": []
        }
      ]
    },
    {
      "module": "module.iam_account",
      "mode": "data",
      "type": "aws_iam_policy_document",
      "name": "source_ip_restriction",
      "provider": "provider[\"registry.terraform.io/hashicorp/aws\"]",
      "instances": [
        {
          "schema_version": 0,
          "attributes": {
            "id": "709734242",
            "json": "{\n  \"Version\": \"2012-10-17\",\n  \"Statement\": [\n    {\n      \"Effect\": \"Deny\",\n      \"Action\": \"*\",\n      \"Resource\": \"*\",\n      \"Condition\": {\n        \"NotIpAddress\": {\n          \"aws:SourceIp\": \"106.72.152.1\"\n        }\n      }\n    }\n  ]\n}",
            "override_policy_documents": null,
            "policy_id": null,
            "source_policy_documents": null,
            "statement": [
              {
                "actions": [
                  "*"
                ],
                "condition": [
                  {
                    "test": "NotIpAddress",
                    "values": [
                      "106.72.152.1"
                    ],
                    "variable": "aws:SourceIp"
                  }
                ],
                "effect": "Deny",
                "not_actions": [],
                "not_principals": [],
                "not_resources": [],
                "principals": [],
                "resources": [
                  "*"
                ],
                "sid": ""
              }
            ],
            "version": "2012-10-17"
          },
          "sensitive_attributes": []
        }
      ]
    },
    {
      "module": "module.iam_account",
      "mode": "managed",
      "type": "aws_iam_group",
      "name": "no_authorized_group",
      "provider": "provider[\"registry.terraform.io/hashicorp/aws\"]",
      "instances": [
        {
          "schema_version": 0,
          "attributes": {
            "arn": "arn:aws:iam::123141636675:group/NoAuthorizedGroup",
            "id": "NoAuthorizedGroup",
            "name": "NoAuthorizedGroup",
            "path": "/",
            "unique_id": "AGPARZK6QIJBQDXTO5EG4"
          },
          "sensitive_attributes": [],
          "private": "bnVsbA=="
        }
      ]
    },
    {
      "module": "module.iam_account",
      "mode": "managed",
      "type": "aws_iam_group_policy_attachment",
      "name": "no_authorized_group_1",
      "provider": "provider[\"registry.terraform.io/hashicorp/aws\"]",
      "instances": [
        {
          "schema_version": 0,
          "attributes": {
            "group": "NoAuthorizedGroup",
            "id": "NoAuthorizedGroup-20240202160920351500000001",
            "policy_arn": "arn:aws:iam::123141636675:policy/SourceIpRestrictionPolicy"
          },
          "sensitive_attributes": [],
          "private": "bnVsbA==",
          "dependencies": [
            "module.iam_account.aws_iam_group.no_authorized_group",
            "module.iam_account.aws_iam_policy.source_ip_restriction",
            "module.iam_account.data.aws_iam_policy_document.source_ip_restriction"
          ]
        }
      ]
    },
    {
      "module": "module.iam_account",
      "mode": "managed",
      "type": "aws_iam_group_policy_attachment",
      "name": "no_authorized_group_2",
      "provider": "provider[\"registry.terraform.io/hashicorp/aws\"]",
      "instances": [
        {
          "schema_version": 0,
          "attributes": {
            "group": "NoAuthorizedGroup",
            "id": "NoAuthorizedGroup-20240202160700074500000003",
            "policy_arn": "arn:aws:iam::123141636675:policy/AllowOwnMfa"
          },
          "sensitive_attributes": [],
          "private": "bnVsbA==",
          "dependencies": [
            "module.iam_account.aws_iam_group.no_authorized_group",
            "module.iam_account.aws_iam_policy.allow_own_mfa",
            "module.iam_account.data.aws_caller_identity.this",
            "module.iam_account.data.aws_iam_policy_document.allow_own_mfa"
          ]
        }
      ]
    },
    {
      "module": "module.iam_account",
      "mode": "managed",
      "type": "aws_iam_group_policy_attachment",
      "name": "no_authorized_group_3",
      "provider": "provider[\"registry.terraform.io/hashicorp/aws\"]",
      "instances": [
        {
          "schema_version": 0,
          "attributes": {
            "group": "NoAuthorizedGroup",
            "id": "NoAuthorizedGroup-20240202160700073100000002",
            "policy_arn": "arn:aws:iam::123141636675:policy/AllowChangeOwnPassword"
          },
          "sensitive_attributes": [],
          "private": "bnVsbA==",
          "dependencies": [
            "module.iam_account.aws_iam_group.no_authorized_group",
            "module.iam_account.aws_iam_policy.allow_change_own_password",
            "module.iam_account.data.aws_caller_identity.this",
            "module.iam_account.data.aws_iam_policy_document.allow_change_own_password"
          ]
        }
      ]
    },
    {
      "module": "module.iam_account",
      "mode": "managed",
      "type": "aws_iam_group_policy_attachment",
      "name": "no_authorized_group_4",
      "provider": "provider[\"registry.terraform.io/hashicorp/aws\"]",
      "instances": [
        {
          "schema_version": 0,
          "attributes": {
            "group": "NoAuthorizedGroup",
            "id": "NoAuthorizedGroup-20240202160700061900000001",
            "policy_arn": "arn:aws:iam::123141636675:policy/AllowAssumeRoleToDevops"
          },
          "sensitive_attributes": [],
          "private": "bnVsbA==",
          "dependencies": [
            "module.iam_account.aws_iam_group.no_authorized_group",
            "module.iam_account.aws_iam_policy.allow_assume_role_to_devops",
            "module.iam_account.data.aws_caller_identity.this",
            "module.iam_account.data.aws_iam_policy_document.allow_assume_role_to_devops"
          ]
        }
      ]
    },
    {
      "module": "module.iam_account",
      "mode": "managed",
      "type": "aws_iam_policy",
      "name": "allow_assume_role_to_devops",
      "provider": "provider[\"registry.terraform.io/hashicorp/aws\"]",
      "instances": [
        {
          "schema_version": 0,
          "attributes": {
            "arn": "arn:aws:iam::123141636675:policy/AllowAssumeRoleToDevops",
            "description": "",
            "id": "arn:aws:iam::123141636675:policy/AllowAssumeRoleToDevops",
            "name": "AllowAssumeRoleToDevops",
            "name_prefix": "",
            "path": "/",
            "policy": "{\"Statement\":[{\"Action\":\"sts:AssumeRole\",\"Effect\":\"Allow\",\"Resource\":\"arn:aws:iam::123141636675:role/DevOps\"}],\"Version\":\"2012-10-17\"}",
            "policy_id": "ANPARZK6QIJB7X6WBYPJV",
            "tags": {},
            "tags_all": {
              "app_id": "aichatfuu-production"
            }
          },
          "sensitive_attributes": [],
          "private": "bnVsbA==",
          "dependencies": [
            "module.iam_account.data.aws_caller_identity.this",
            "module.iam_account.data.aws_iam_policy_document.allow_assume_role_to_devops"
          ]
        }
      ]
    },
    {
      "module": "module.iam_account",
      "mode": "managed",
      "type": "aws_iam_policy",
      "name": "allow_change_own_password",
      "provider": "provider[\"registry.terraform.io/hashicorp/aws\"]",
      "instances": [
        {
          "schema_version": 0,
          "attributes": {
            "arn": "arn:aws:iam::123141636675:policy/AllowChangeOwnPassword",
            "description": "",
            "id": "arn:aws:iam::123141636675:policy/AllowChangeOwnPassword",
            "name": "AllowChangeOwnPassword",
            "name_prefix": "",
            "path": "/",
            "policy": "{\"Statement\":[{\"Action\":\"iam:GetAccountPasswordPolicy\",\"Effect\":\"Allow\",\"Resource\":\"*\"},{\"Action\":[\"iam:GetUser\",\"iam:ChangePassword\"],\"Effect\":\"Allow\",\"Resource\":\"arn:aws:iam::123141636675:user/${aws:username}\",\"Sid\":\"ChangeOwnPassword\"}],\"Version\":\"2012-10-17\"}",
            "policy_id": "ANPARZK6QIJB7MQF2FJDU",
            "tags": {},
            "tags_all": {
              "app_id": "aichatfuu-production"
            }
          },
          "sensitive_attributes": [],
          "private": "bnVsbA==",
          "dependencies": [
            "module.iam_account.data.aws_caller_identity.this",
            "module.iam_account.data.aws_iam_policy_document.allow_change_own_password"
          ]
        }
      ]
    },
    {
      "module": "module.iam_account",
      "mode": "managed",
      "type": "aws_iam_policy",
      "name": "allow_own_mfa",
      "provider": "provider[\"registry.terraform.io/hashicorp/aws\"]",
      "instances": [
        {
          "schema_version": 0,
          "attributes": {
            "arn": "arn:aws:iam::123141636675:policy/AllowOwnMfa",
            "description": "",
            "id": "arn:aws:iam::123141636675:policy/AllowOwnMfa",
            "name": "AllowOwnMfa",
            "name_prefix": "",
            "path": "/",
            "policy": "{\"Statement\":[{\"Action\":\"iam:ListVirtualMFADevices\",\"Effect\":\"Allow\",\"Resource\":\"*\"},{\"Action\":[\"iam:DeleteVirtualMFADevice\",\"iam:CreateVirtualMFADevice\"],\"Effect\":\"Allow\",\"Resource\":\"arn:aws:iam::123141636675:mfa/${aws:username}\"},{\"Action\":[\"iam:ResyncMFADevice\",\"iam:ListMFADevices\",\"iam:GetUser\",\"iam:EnableMFADevice\",\"iam:DeactivateMFADevice\"],\"Effect\":\"Allow\",\"Resource\":\"arn:aws:iam::123141636675:mfa/${aws:username}\"},{\"Condition\":{\"BoolIfExists\":{\"aws:MultiFactorAuthPresent\":\"false\"}},\"Effect\":\"Deny\",\"NotAction\":[\"sts:GetSessionToken\",\"iam:ResyncMFADevice\",\"iam:ListVirtualMFADevices\",\"iam:ListMFADevices\",\"iam:GetUser\",\"iam:EnableMFADevice\",\"iam:CreateVirtualMFADevice\",\"iam:ChangePassword\"],\"Resource\":\"*\"}],\"Version\":\"2012-10-17\"}",
            "policy_id": "ANPARZK6QIJB76OR6TZRE",
            "tags": {},
            "tags_all": {
              "app_id": "aichatfuu-production"
            }
          },
          "sensitive_attributes": [],
          "private": "bnVsbA==",
          "dependencies": [
            "module.iam_account.data.aws_caller_identity.this",
            "module.iam_account.data.aws_iam_policy_document.allow_own_mfa"
          ]
        }
      ]
    },
    {
      "module": "module.iam_account",
      "mode": "managed",
      "type": "aws_iam_policy",
      "name": "assume_role_for_devops",
      "provider": "provider[\"registry.terraform.io/hashicorp/aws\"]",
      "instances": [
        {
          "schema_version": 0,
          "attributes": {
            "arn": "arn:aws:iam::123141636675:policy/AssumeRoleForDevOps",
            "description": "",
            "id": "arn:aws:iam::123141636675:policy/AssumeRoleForDevOps",
            "name": "AssumeRoleForDevOps",
            "name_prefix": "",
            "path": "/",
            "policy": "{\"Statement\":[{\"Action\":\"sts:AssumeRole\",\"Effect\":\"Allow\",\"Resource\":\"arn:aws:iam::123141636675:role/DevOps\"}],\"Version\":\"2012-10-17\"}",
            "policy_id": "ANPARZK6QIJBRDVZ5YZJI",
            "tags": {},
            "tags_all": {
              "app_id": "aichatfuu-production"
            }
          },
          "sensitive_attributes": [],
          "private": "bnVsbA==",
          "dependencies": [
            "module.iam_account.data.aws_caller_identity.this",
            "module.iam_account.data.aws_iam_policy_document.assume_role_for_devops"
          ]
        }
      ]
    },
    {
      "module": "module.iam_account",
      "mode": "managed",
      "type": "aws_iam_policy",
      "name": "source_ip_restriction",
      "provider": "provider[\"registry.terraform.io/hashicorp/aws\"]",
      "instances": [
        {
          "schema_version": 0,
          "attributes": {
            "arn": "arn:aws:iam::123141636675:policy/SourceIpRestrictionPolicy",
            "description": "",
            "id": "arn:aws:iam::123141636675:policy/SourceIpRestrictionPolicy",
            "name": "SourceIpRestrictionPolicy",
            "name_prefix": "",
            "path": "/",
            "policy": "{\"Statement\":[{\"Action\":\"*\",\"Condition\":{\"NotIpAddress\":{\"aws:SourceIp\":\"106.72.152.1\"}},\"Effect\":\"Deny\",\"Resource\":\"*\"}],\"Version\":\"2012-10-17\"}",
            "policy_id": "ANPARZK6QIJBRGFKLGW5Q",
            "tags": {},
            "tags_all": {
              "app_id": "aichatfuu-production"
            }
          },
          "sensitive_attributes": [],
          "private": "bnVsbA==",
          "dependencies": [
            "module.iam_account.data.aws_iam_policy_document.source_ip_restriction"
          ]
        }
      ]
    },
    {
      "module": "module.iam_account",
      "mode": "managed",
      "type": "aws_iam_role",
      "name": "devops",
      "provider": "provider[\"registry.terraform.io/hashicorp/aws\"]",
      "instances": [
        {
          "schema_version": 0,
          "attributes": {
            "arn": "arn:aws:iam::123141636675:role/DevOps",
            "assume_role_policy": "{\"Statement\":[{\"Action\":\"sts:AssumeRole\",\"Condition\":{\"Bool\":{\"aws:MultiFactorAuthPresent\":\"true\"},\"StringEquals\":{\"sts:RoleSessionName\":\"${aws:username}\"}},\"Effect\":\"Allow\",\"Principal\":{\"AWS\":\"arn:aws:iam::123141636675:user/tamura\"}}],\"Version\":\"2012-10-17\"}",
            "create_date": "2024-02-02T16:09:48Z",
            "description": "",
            "force_detach_policies": false,
            "id": "DevOps",
            "inline_policy": [],
            "managed_policy_arns": [
              "arn:aws:iam::aws:policy/AdministratorAccess"
            ],
            "max_session_duration": 3600,
            "name": "DevOps",
            "name_prefix": "",
            "path": "/",
            "permissions_boundary": "",
            "tags": null,
            "tags_all": {
              "app_id": "aichatfuu-production"
            },
            "unique_id": "AROARZK6QIJBUNGHRDTCN"
          },
          "sensitive_attributes": [],
          "private": "bnVsbA==",
          "dependencies": [
            "module.iam_account.data.aws_caller_identity.this",
            "module.iam_account.data.aws_iam_policy_document.assume_role_devops_trust"
          ]
        }
      ]
    },
    {
      "module": "module.terraform_backend",
      "mode": "managed",
      "type": "aws_dynamodb_table",
      "name": "tfstate_lock",
      "provider": "provider[\"registry.terraform.io/hashicorp/aws\"]",
      "instances": [
        {
          "schema_version": 1,
          "attributes": {
            "arn": "arn:aws:dynamodb:ap-northeast-1:123141636675:table/aichatfuu-production_terraform_tfstate_lock",
            "attribute": [
              {
                "name": "LockID",
                "type": "S"
              }
            ],
            "billing_mode": "PROVISIONED",
            "deletion_protection_enabled": false,
            "global_secondary_index": [],
            "hash_key": "LockID",
            "id": "aichatfuu-production_terraform_tfstate_lock",
            "import_table": [],
            "local_secondary_index": [],
            "name": "aichatfuu-production_terraform_tfstate_lock",
            "point_in_time_recovery": [
              {
                "enabled": false
              }
            ],
            "range_key": null,
            "read_capacity": 1,
            "replica": [],
            "restore_date_time": null,
            "restore_source_name": null,
            "restore_to_latest_time": null,
            "server_side_encryption": [],
            "stream_arn": "",
            "stream_enabled": false,
            "stream_label": "",
            "stream_view_type": "",
            "table_class": "STANDARD",
            "tags": {
              "Name": "aichatfuu-production_terraform_tfstate_lock"
            },
            "tags_all": {
              "Name": "aichatfuu-production_terraform_tfstate_lock",
              "app_id": "aichatfuu-production"
            },
            "timeouts": null,
            "ttl": [
              {
                "attribute_name": "",
                "enabled": false
              }
            ],
            "write_capacity": 1
          },
          "sensitive_attributes": [],
          "private": "eyJlMmJmYjczMC1lY2FhLTExZTYtOGY4OC0zNDM2M2JjN2M0YzAiOnsiY3JlYXRlIjoxODAwMDAwMDAwMDAwLCJkZWxldGUiOjYwMDAwMDAwMDAwMCwidXBkYXRlIjozNjAwMDAwMDAwMDAwfSwic2NoZW1hX3ZlcnNpb24iOiIxIn0="
        }
      ]
    },
    {
      "module": "module.terraform_backend",
      "mode": "managed",
      "type": "aws_s3_bucket",
      "name": "tfstate",
      "provider": "provider[\"registry.terraform.io/hashicorp/aws\"]",
      "instances": [
        {
          "schema_version": 0,
          "attributes": {
            "acceleration_status": "",
            "acl": null,
            "arn": "arn:aws:s3:::aichatfuu-production-terraform-backend",
            "bucket": "aichatfuu-production-terraform-backend",
            "bucket_domain_name": "aichatfuu-production-terraform-backend.s3.amazonaws.com",
            "bucket_prefix": "",
            "bucket_regional_domain_name": "aichatfuu-production-terraform-backend.s3.ap-northeast-1.amazonaws.com",
            "cors_rule": [],
            "force_destroy": false,
            "grant": [
              {
                "id": "aafb1ada20ba7b8950ca233a9ab889b644a170a13ea882c7953e9944eeef416c",
                "permissions": [
                  "FULL_CONTROL"
                ],
                "type": "CanonicalUser",
                "uri": ""
              }
            ],
            "hosted_zone_id": "Z2M4EHUR26P7ZW",
            "id": "aichatfuu-production-terraform-backend",
            "lifecycle_rule": [],
            "logging": [],
            "object_lock_configuration": [],
            "object_lock_enabled": false,
            "policy": "",
            "region": "ap-northeast-1",
            "replication_configuration": [],
            "request_payer": "BucketOwner",
            "server_side_encryption_configuration": [
              {
                "rule": [
                  {
                    "apply_server_side_encryption_by_default": [
                      {
                        "kms_master_key_id": "",
                        "sse_algorithm": "AES256"
                      }
                    ],
                    "bucket_key_enabled": false
                  }
                ]
              }
            ],
            "tags": {
              "Name": "aichatfuu-production-terraform-backend"
            },
            "tags_all": {
              "Name": "aichatfuu-production-terraform-backend",
              "app_id": "aichatfuu-production"
            },
            "timeouts": null,
            "versioning": [
              {
                "enabled": true,
                "mfa_delete": false
              }
            ],
            "website": [],
            "website_domain": null,
            "website_endpoint": null
          },
          "sensitive_attributes": [],
          "private": "eyJlMmJmYjczMC1lY2FhLTExZTYtOGY4OC0zNDM2M2JjN2M0YzAiOnsiY3JlYXRlIjoxMjAwMDAwMDAwMDAwLCJkZWxldGUiOjM2MDAwMDAwMDAwMDAsInJlYWQiOjEyMDAwMDAwMDAwMDAsInVwZGF0ZSI6MTIwMDAwMDAwMDAwMH19"
        }
      ]
    },
    {
      "module": "module.terraform_backend",
      "mode": "managed",
      "type": "aws_s3_bucket_public_access_block",
      "name": "tfstate",
      "provider": "provider[\"registry.terraform.io/hashicorp/aws\"]",
      "instances": [
        {
          "schema_version": 0,
          "attributes": {
            "block_public_acls": true,
            "block_public_policy": true,
            "bucket": "aichatfuu-production-terraform-backend",
            "id": "aichatfuu-production-terraform-backend",
            "ignore_public_acls": true,
            "restrict_public_buckets": true
          },
          "sensitive_attributes": [],
          "private": "bnVsbA==",
          "dependencies": [
            "module.terraform_backend.aws_s3_bucket.tfstate"
          ]
        }
      ]
    },
    {
      "module": "module.terraform_backend",
      "mode": "managed",
      "type": "aws_s3_bucket_server_side_encryption_configuration",
      "name": "tfstate",
      "provider": "provider[\"registry.terraform.io/hashicorp/aws\"]",
      "instances": [
        {
          "schema_version": 0,
          "attributes": {
            "bucket": "aichatfuu-production-terraform-backend",
            "expected_bucket_owner": "",
            "id": "aichatfuu-production-terraform-backend",
            "rule": [
              {
                "apply_server_side_encryption_by_default": [
                  {
                    "kms_master_key_id": "",
                    "sse_algorithm": "AES256"
                  }
                ],
                "bucket_key_enabled": false
              }
            ]
          },
          "sensitive_attributes": [],
          "private": "bnVsbA==",
          "dependencies": [
            "module.terraform_backend.aws_s3_bucket.tfstate"
          ]
        }
      ]
    },
    {
      "module": "module.terraform_backend",
      "mode": "managed",
      "type": "aws_s3_bucket_versioning",
      "name": "tfstate",
      "provider": "provider[\"registry.terraform.io/hashicorp/aws\"]",
      "instances": [
        {
          "schema_version": 0,
          "attributes": {
            "bucket": "aichatfuu-production-terraform-backend",
            "expected_bucket_owner": "",
            "id": "aichatfuu-production-terraform-backend",
            "mfa": null,
            "versioning_configuration": [
              {
                "mfa_delete": "",
                "status": "Enabled"
              }
            ]
          },
          "sensitive_attributes": [],
          "private": "bnVsbA==",
          "dependencies": [
            "module.terraform_backend.aws_s3_bucket.tfstate"
          ]
        }
      ]
    }
  ],
  "check_results": null
}
